
Microsoft Visual Studio Solution File, Format Version 12.00
# Visual Studio Version 17
VisualStudioVersion = 17.14.36203.30 d17.14
MinimumVisualStudioVersion = 10.0.40219.1
Project("{FAE04EC0-301F-11D3-BF4B-00C04F79EFBC}") = "Amazon.WebAPI.PL", "Amazon.WebAPI.PL\Amazon.WebAPI.PL.csproj", "{B3E54523-80E4-4F38-B1A4-270EFA85F4C2}"
EndProject
Project("{FAE04EC0-301F-11D3-BF4B-00C04F79EFBC}") = "Amazon.Application.BL", "Amazon.Application.BL\Amazon.Application.BL.csproj", "{FB1006A7-FE5A-4CD4-AEEC-DC043D1D41A6}"
EndProject
Project("{FAE04EC0-301F-11D3-BF4B-00C04F79EFBC}") = "Amazon.DL", "Amazon.DL\Amazon.DL.csproj", "{D570D380-8C28-4709-B5E6-13D08BCC7D8D}"
EndProject
Global
	GlobalSection(SolutionConfigurationPlatforms) = preSolution
		Debug|Any CPU = Debug|Any CPU
		Release|Any CPU = Release|Any CPU
	EndGlobalSection
	GlobalSection(ProjectConfigurationPlatforms) = postSolution
		{B3E54523-80E4-4F38-B1A4-270EFA85F4C2}.Debug|Any CPU.ActiveCfg = Debug|Any CPU
		{B3E54523-80E4-4F38-B1A4-270EFA85F4C2}.Debug|Any CPU.Build.0 = Debug|Any CPU
		{B3E54523-80E4-4F38-B1A4-270EFA85F4C2}.Release|Any CPU.ActiveCfg = Release|Any CPU
		{B3E54523-80E4-4F38-B1A4-270EFA85F4C2}.Release|Any CPU.Build.0 = Release|Any CPU
		{FB1006A7-FE5A-4CD4-AEEC-DC043D1D41A6}.Debug|Any CPU.ActiveCfg = Debug|Any CPU
		{FB1006A7-FE5A-4CD4-AEEC-DC043D1D41A6}.Debug|Any CPU.Build.0 = Debug|Any CPU
		{FB1006A7-FE5A-4CD4-AEEC-DC043D1D41A6}.Release|Any CPU.ActiveCfg = Release|Any CPU
		{FB1006A7-FE5A-4CD4-AEEC-DC043D1D41A6}.Release|Any CPU.Build.0 = Release|Any CPU
		{D570D380-8C28-4709-B5E6-13D08BCC7D8D}.Debug|Any CPU.ActiveCfg = Debug|Any CPU
		{D570D380-8C28-4709-B5E6-13D08BCC7D8D}.Debug|Any CPU.Build.0 = Debug|Any CPU
		{D570D380-8C28-4709-B5E6-13D08BCC7D8D}.Release|Any CPU.ActiveCfg = Release|Any CPU
		{D570D380-8C28-4709-B5E6-13D08BCC7D8D}.Release|Any CPU.Build.0 = Release|Any CPU
	EndGlobalSection
	GlobalSection(SolutionProperties) = preSolution
		HideSolutionNode = FALSE
	EndGlobalSection
	GlobalSection(ExtensibilityGlobals) = postSolution
		SolutionGuid = {468A177E-E6C1-4C8A-8E5F-280B80BB1EEF}
	EndGlobalSection
EndGlobal
